
Microsoft Visual Studio Solution File, Format Version 12.00
# Visual Studio Version 17
VisualStudioVersion = 17.4.33213.308
MinimumVisualStudioVersion = 10.0.40219.1
Project("{9A19103F-16F7-4668-BE54-9A1E7A4F7556}") = "src", "src\src.csproj", "{E3A9EFE6-5CE2-484A-928A-D9BBD29DEFA6}"
EndProject
Project("{2150E333-8FDC-42A3-9474-1A3956D46DE8}") = "Solution Items", "Solution Items", "{7DFCE7AA-B662-4513-AA8F-6395C4916FAE}"
	ProjectSection(SolutionItems) = preProject
		azure-piplines.yml = azure-piplines.yml
		deployment.yml = deployment.yml
		docker-compose.yml = docker-compose.yml
		README.md = README.md
		service.yml = service.yml
	EndProjectSection
EndProject
Project("{9A19103F-16F7-4668-BE54-9A1E7A4F7556}") = "banking.test", "banking.test\banking.test.csproj", "{2815A3A3-E30F-4DE9-9157-B51D072DD4CB}"
EndProject
Global
	GlobalSection(SolutionConfigurationPlatforms) = preSolution
		Debug|Any CPU = Debug|Any CPU
		Release|Any CPU = Release|Any CPU
	EndGlobalSection
	GlobalSection(ProjectConfigurationPlatforms) = postSolution
		{E3A9EFE6-5CE2-484A-928A-D9BBD29DEFA6}.Debug|Any CPU.ActiveCfg = Debug|Any CPU
		{E3A9EFE6-5CE2-484A-928A-D9BBD29DEFA6}.Debug|Any CPU.Build.0 = Debug|Any CPU
		{E3A9EFE6-5CE2-484A-928A-D9BBD29DEFA6}.Release|Any CPU.ActiveCfg = Release|Any CPU
		{E3A9EFE6-5CE2-484A-928A-D9BBD29DEFA6}.Release|Any CPU.Build.0 = Release|Any CPU
		{2815A3A3-E30F-4DE9-9157-B51D072DD4CB}.Debug|Any CPU.ActiveCfg = Debug|Any CPU
		{2815A3A3-E30F-4DE9-9157-B51D072DD4CB}.Debug|Any CPU.Build.0 = Debug|Any CPU
		{2815A3A3-E30F-4DE9-9157-B51D072DD4CB}.Release|Any CPU.ActiveCfg = Release|Any CPU
		{2815A3A3-E30F-4DE9-9157-B51D072DD4CB}.Release|Any CPU.Build.0 = Release|Any CPU
	EndGlobalSection
	GlobalSection(SolutionProperties) = preSolution
		HideSolutionNode = FALSE
	EndGlobalSection
	GlobalSection(ExtensibilityGlobals) = postSolution
		SolutionGuid = {B350AD30-4CB6-4405-AC2E-824DAAFD4FDD}
	EndGlobalSection
EndGlobal
